
Microsoft Visual Studio Solution File, Format Version 12.00
# Visual Studio 15
VisualStudioVersion = 15.0.28307.1401
MinimumVisualStudioVersion = 10.0.40219.1
Project("{159641D6-6404-4A2A-AE62-294DE0FE8301}") = "ssis_tut", "ssis_tut\ssis_tut.dtproj", "{5E47FCFF-0B78-4E1F-888C-A77E98081FE2}"
EndProject
Global
	GlobalSection(SolutionConfigurationPlatforms) = preSolution
		Development|Default = Development|Default
	EndGlobalSection
	GlobalSection(ProjectConfigurationPlatforms) = postSolution
		{5E47FCFF-0B78-4E1F-888C-A77E98081FE2}.Development|Default.ActiveCfg = Development
		{5E47FCFF-0B78-4E1F-888C-A77E98081FE2}.Development|Default.Build.0 = Development
	EndGlobalSection
	GlobalSection(SolutionProperties) = preSolution
		HideSolutionNode = FALSE
	EndGlobalSection
	GlobalSection(ExtensibilityGlobals) = postSolution
		SolutionGuid = {190F0C49-DDF7-45DA-BFAD-9B5DD4341F3A}
	EndGlobalSection
EndGlobal
